
Microsoft Visual Studio Solution File, Format Version 12.00
# Visual Studio Version 16
VisualStudioVersion = 16.0.31624.102
MinimumVisualStudioVersion = 10.0.40219.1
Project("{FAE04EC0-301F-11D3-BF4B-00C04F79EFBC}") = "ComputerDeviceShop", "ComputerDeviceShop\ComputerDeviceShop.csproj", "{EAFB769E-1A85-462B-870A-31E719931A97}"
EndProject
Project("{FAE04EC0-301F-11D3-BF4B-00C04F79EFBC}") = "BLL", "BLL\BLL.csproj", "{3DF6BCE1-0DBD-4210-B057-DB3F0C659180}"
EndProject
Project("{FAE04EC0-301F-11D3-BF4B-00C04F79EFBC}") = "DAL", "DAL\DAL.csproj", "{34D262B6-9544-4CA9-80E7-F5A002895317}"
EndProject
Global
	GlobalSection(SolutionConfigurationPlatforms) = preSolution
		Debug|Any CPU = Debug|Any CPU
		Release|Any CPU = Release|Any CPU
	EndGlobalSection
	GlobalSection(ProjectConfigurationPlatforms) = postSolution
		{EAFB769E-1A85-462B-870A-31E719931A97}.Debug|Any CPU.ActiveCfg = Debug|Any CPU
		{EAFB769E-1A85-462B-870A-31E719931A97}.Debug|Any CPU.Build.0 = Debug|Any CPU
		{EAFB769E-1A85-462B-870A-31E719931A97}.Release|Any CPU.ActiveCfg = Release|Any CPU
		{EAFB769E-1A85-462B-870A-31E719931A97}.Release|Any CPU.Build.0 = Release|Any CPU
		{3DF6BCE1-0DBD-4210-B057-DB3F0C659180}.Debug|Any CPU.ActiveCfg = Debug|Any CPU
		{3DF6BCE1-0DBD-4210-B057-DB3F0C659180}.Debug|Any CPU.Build.0 = Debug|Any CPU
		{3DF6BCE1-0DBD-4210-B057-DB3F0C659180}.Release|Any CPU.ActiveCfg = Release|Any CPU
		{3DF6BCE1-0DBD-4210-B057-DB3F0C659180}.Release|Any CPU.Build.0 = Release|Any CPU
		{34D262B6-9544-4CA9-80E7-F5A002895317}.Debug|Any CPU.ActiveCfg = Debug|Any CPU
		{34D262B6-9544-4CA9-80E7-F5A002895317}.Debug|Any CPU.Build.0 = Debug|Any CPU
		{34D262B6-9544-4CA9-80E7-F5A002895317}.Release|Any CPU.ActiveCfg = Release|Any CPU
		{34D262B6-9544-4CA9-80E7-F5A002895317}.Release|Any CPU.Build.0 = Release|Any CPU
	EndGlobalSection
	GlobalSection(SolutionProperties) = preSolution
		HideSolutionNode = FALSE
	EndGlobalSection
	GlobalSection(ExtensibilityGlobals) = postSolution
		SolutionGuid = {C4BBEC84-74D9-44A8-B6AE-DCCE9B7A64E3}
	EndGlobalSection
EndGlobal
